// !$*UTF8*$!
{
	archiveVersion = 1;
	classes = {
	};
	objectVersion = 50;
	objects = {

/* Begin PBXBuildFile section */
		BA2362DF22B0DA4100D529AF /* shader.cpp in Sources */ = {isa = PBXBuildFile; fileRef = BA2362DD22B0DA4100D529AF /* shader.cpp */; };
		BA25A4F722AF4C3A005A1C2B /* texture.cpp in Sources */ = {isa = PBXBuildFile; fileRef = BA25A4F522AF4C3A005A1C2B /* texture.cpp */; };
		BA3D33A122B87459002D09BD /* RenderBuffer.m in Sources */ = {isa = PBXBuildFile; fileRef = BA3D33A022B87459002D09BD /* RenderBuffer.m */; };
		BA775B172260399C00F0EB77 /* AppDelegate.m in Sources */ = {isa = PBXBuildFile; fileRef = BA775B162260399C00F0EB77 /* AppDelegate.m */; };
		BA775B1A2260408700F0EB77 /* OpenGLView.m in Sources */ = {isa = PBXBuildFile; fileRef = BA775B192260408700F0EB77 /* OpenGLView.m */; };
		BADA1FB822602F2A0064ED4E /* main.m in Sources */ = {isa = PBXBuildFile; fileRef = BADA1FB722602F2A0064ED4E /* main.m */; };
		BADB27A322A8E15900EB6FFA /* OpenGL.framework in Frameworks */ = {isa = PBXBuildFile; fileRef = BADB27A222A8E15900EB6FFA /* OpenGL.framework */; };
/* End PBXBuildFile section */

/* Begin PBXCopyFilesBuildPhase section */
		BADA1FB322602F2A0064ED4E /* CopyFiles */ = {
			isa = PBXCopyFilesBuildPhase;
			buildActionMask = 2147483647;
			dstPath = /usr/share/man/man1/;
			dstSubfolderSpec = 0;
			files = (
			);
			runOnlyForDeploymentPostprocessing = 1;
		};
/* End PBXCopyFilesBuildPhase section */

/* Begin PBXFileReference section */
		BA2362DD22B0DA4100D529AF /* shader.cpp */ = {isa = PBXFileReference; lastKnownFileType = sourcecode.cpp.cpp; path = shader.cpp; sourceTree = "<group>"; };
		BA2362DE22B0DA4100D529AF /* shader.hpp */ = {isa = PBXFileReference; lastKnownFileType = sourcecode.cpp.h; path = shader.hpp; sourceTree = "<group>"; };
		BA25A4F522AF4C3A005A1C2B /* texture.cpp */ = {isa = PBXFileReference; fileEncoding = 4; lastKnownFileType = sourcecode.cpp.cpp; path = texture.cpp; sourceTree = "<group>"; };
		BA25A4F622AF4C3A005A1C2B /* texture.hpp */ = {isa = PBXFileReference; fileEncoding = 4; lastKnownFileType = sourcecode.cpp.h; path = texture.hpp; sourceTree = "<group>"; };
		BA3D339F22B87459002D09BD /* RenderBuffer.h */ = {isa = PBXFileReference; lastKnownFileType = sourcecode.c.h; path = RenderBuffer.h; sourceTree = "<group>"; };
		BA3D33A022B87459002D09BD /* RenderBuffer.m */ = {isa = PBXFileReference; explicitFileType = sourcecode.cpp.objcpp; path = RenderBuffer.m; sourceTree = "<group>"; };
		BA775B152260399C00F0EB77 /* AppDelegate.h */ = {isa = PBXFileReference; lastKnownFileType = sourcecode.c.h; path = AppDelegate.h; sourceTree = "<group>"; };
		BA775B162260399C00F0EB77 /* AppDelegate.m */ = {isa = PBXFileReference; lastKnownFileType = sourcecode.c.objc; path = AppDelegate.m; sourceTree = "<group>"; };
		BA775B182260408700F0EB77 /* OpenGLView.h */ = {isa = PBXFileReference; explicitFileType = sourcecode.cpp.h; path = OpenGLView.h; sourceTree = "<group>"; };
		BA775B192260408700F0EB77 /* OpenGLView.m */ = {isa = PBXFileReference; explicitFileType = sourcecode.cpp.objcpp; path = OpenGLView.m; sourceTree = "<group>"; };
		BADA1FB522602F2A0064ED4E /* HelloMac */ = {isa = PBXFileReference; explicitFileType = "compiled.mach-o.executable"; includeInIndex = 0; path = HelloMac; sourceTree = BUILT_PRODUCTS_DIR; };
		BADA1FB722602F2A0064ED4E /* main.m */ = {isa = PBXFileReference; explicitFileType = sourcecode.cpp.objcpp; path = main.m; sourceTree = "<group>"; };
		BADB27A222A8E15900EB6FFA /* OpenGL.framework */ = {isa = PBXFileReference; lastKnownFileType = wrapper.framework; name = OpenGL.framework; path = System/Library/Frameworks/OpenGL.framework; sourceTree = SDKROOT; };
/* End PBXFileReference section */

/* Begin PBXFrameworksBuildPhase section */
		BADA1FB222602F2A0064ED4E /* Frameworks */ = {
			isa = PBXFrameworksBuildPhase;
			buildActionMask = 2147483647;
			files = (
				BADB27A322A8E15900EB6FFA /* OpenGL.framework in Frameworks */,
			);
			runOnlyForDeploymentPostprocessing = 0;
		};
/* End PBXFrameworksBuildPhase section */

/* Begin PBXGroup section */
		BADA1F9E226028B00064ED4E = {
			isa = PBXGroup;
			children = (
				BADA1FB622602F2A0064ED4E /* HelloMac */,
				BADA1FA8226028B00064ED4E /* Products */,
				BADB27A122A8E15900EB6FFA /* Frameworks */,
			);
			sourceTree = "<group>";
		};
		BADA1FA8226028B00064ED4E /* Products */ = {
			isa = PBXGroup;
			children = (
				BADA1FB522602F2A0064ED4E /* HelloMac */,
			);
			name = Products;
			sourceTree = "<group>";
		};
		BADA1FB622602F2A0064ED4E /* HelloMac */ = {
			isa = PBXGroup;
			children = (
				BA25A4F522AF4C3A005A1C2B /* texture.cpp */,
				BA25A4F622AF4C3A005A1C2B /* texture.hpp */,
				BADA1FB722602F2A0064ED4E /* main.m */,
				BA775B152260399C00F0EB77 /* AppDelegate.h */,
				BA775B162260399C00F0EB77 /* AppDelegate.m */,
				BA775B182260408700F0EB77 /* OpenGLView.h */,
				BA775B192260408700F0EB77 /* OpenGLView.m */,
				BA2362DD22B0DA4100D529AF /* shader.cpp */,
				BA2362DE22B0DA4100D529AF /* shader.hpp */,
				BA3D339F22B87459002D09BD /* RenderBuffer.h */,
				BA3D33A022B87459002D09BD /* RenderBuffer.m */,
			);
			path = HelloMac;
			sourceTree = "<group>";
		};
		BADB27A122A8E15900EB6FFA /* Frameworks */ = {
			isa = PBXGroup;
			children = (
				BADB27A222A8E15900EB6FFA /* OpenGL.framework */,
			);
			name = Frameworks;
			sourceTree = "<group>";
		};
/* End PBXGroup section */

/* Begin PBXNativeTarget section */
		BADA1FB422602F2A0064ED4E /* HelloMac */ = {
			isa = PBXNativeTarget;
			buildConfigurationList = BADA1FB922602F2A0064ED4E /* Build configuration list for PBXNativeTarget "HelloMac" */;
			buildPhases = (
				BADA1FB122602F2A0064ED4E /* Sources */,
				BADA1FB222602F2A0064ED4E /* Frameworks */,
				BADA1FB322602F2A0064ED4E /* CopyFiles */,
			);
			buildRules = (
			);
			dependencies = (
			);
			name = HelloMac;
			productName = HelloMac;
			productReference = BADA1FB522602F2A0064ED4E /* HelloMac */;
			productType = "com.apple.product-type.tool";
		};
/* End PBXNativeTarget section */

/* Begin PBXProject section */
		BADA1F9F226028B00064ED4E /* Project object */ = {
			isa = PBXProject;
			attributes = {
				LastUpgradeCheck = 1020;
				ORGANIZATIONNAME = iann;
				TargetAttributes = {
					BADA1FB422602F2A0064ED4E = {
						CreatedOnToolsVersion = 10.2;
					};
				};
			};
			buildConfigurationList = BADA1FA2226028B00064ED4E /* Build configuration list for PBXProject "XCodeDemos" */;
			compatibilityVersion = "Xcode 9.3";
			developmentRegion = en;
			hasScannedForEncodings = 0;
			knownRegions = (
				en,
			);
			mainGroup = BADA1F9E226028B00064ED4E;
			productRefGroup = BADA1FA8226028B00064ED4E /* Products */;
			projectDirPath = "";
			projectRoot = "";
			targets = (
				BADA1FB422602F2A0064ED4E /* HelloMac */,
			);
		};
/* End PBXProject section */

/* Begin PBXSourcesBuildPhase section */
		BADA1FB122602F2A0064ED4E /* Sources */ = {
			isa = PBXSourcesBuildPhase;
			buildActionMask = 2147483647;
			files = (
				BA2362DF22B0DA4100D529AF /* shader.cpp in Sources */,
				BA775B172260399C00F0EB77 /* AppDelegate.m in Sources */,
				BA25A4F722AF4C3A005A1C2B /* texture.cpp in Sources */,
				BA3D33A122B87459002D09BD /* RenderBuffer.m in Sources */,
				BA775B1A2260408700F0EB77 /* OpenGLView.m in Sources */,
				BADA1FB822602F2A0064ED4E /* main.m in Sources */,
			);
			runOnlyForDeploymentPostprocessing = 0;
		};
/* End PBXSourcesBuildPhase section */

/* Begin XCBuildConfiguration section */
		BADA1FAC226028B00064ED4E /* Debug */ = {
			isa = XCBuildConfiguration;
			buildSettings = {
				ALWAYS_SEARCH_USER_PATHS = NO;
				CLANG_ANALYZER_NONNULL = YES;
				CLANG_ANALYZER_NUMBER_OBJECT_CONVERSION = YES_AGGRESSIVE;
				CLANG_CXX_LANGUAGE_STANDARD = "gnu++14";
				CLANG_CXX_LIBRARY = "libc++";
				CLANG_ENABLE_MODULES = YES;
				CLANG_ENABLE_OBJC_ARC = YES;
				CLANG_ENABLE_OBJC_WEAK = YES;
				CLANG_WARN_BLOCK_CAPTURE_AUTORELEASING = YES;
				CLANG_WARN_BOOL_CONVERSION = YES;
				CLANG_WARN_COMMA = YES;
				CLANG_WARN_CONSTANT_CONVERSION = YES;
				CLANG_WARN_DEPRECATED_OBJC_IMPLEMENTATIONS = YES;
				CLANG_WARN_DIRECT_OBJC_ISA_USAGE = YES_ERROR;
				CLANG_WARN_DOCUMENTATION_COMMENTS = YES;
				CLANG_WARN_EMPTY_BODY = YES;
				CLANG_WARN_ENUM_CONVERSION = YES;
				CLANG_WARN_INFINITE_RECURSION = YES;
				CLANG_WARN_INT_CONVERSION = YES;
				CLANG_WARN_NON_LITERAL_NULL_CONVERSION = YES;
				CLANG_WARN_OBJC_IMPLICIT_RETAIN_SELF = YES;
				CLANG_WARN_OBJC_LITERAL_CONVERSION = YES;
				CLANG_WARN_OBJC_ROOT_CLASS = YES_ERROR;
				CLANG_WARN_RANGE_LOOP_ANALYSIS = YES;
				CLANG_WARN_STRICT_PROTOTYPES = YES;
				CLANG_WARN_SUSPICIOUS_MOVE = YES;
				CLANG_WARN_UNGUARDED_AVAILABILITY = YES_AGGRESSIVE;
				CLANG_WARN_UNREACHABLE_CODE = YES;
				CLANG_WARN__DUPLICATE_METHOD_MATCH = YES;
				CODE_SIGN_IDENTITY = "-";
				COPY_PHASE_STRIP = NO;
				DEBUG_INFORMATION_FORMAT = dwarf;
				ENABLE_STRICT_OBJC_MSGSEND = YES;
				ENABLE_TESTABILITY = YES;
				GCC_C_LANGUAGE_STANDARD = gnu11;
				GCC_DYNAMIC_NO_PIC = NO;
				GCC_NO_COMMON_BLOCKS = YES;
				GCC_OPTIMIZATION_LEVEL = 0;
				GCC_PREPROCESSOR_DEFINITIONS = (
					"DEBUG=1",
					"$(inherited)",
				);
				GCC_WARN_64_TO_32_BIT_CONVERSION = YES;
				GCC_WARN_ABOUT_RETURN_TYPE = YES_ERROR;
				GCC_WARN_UNDECLARED_SELECTOR = YES;
				GCC_WARN_UNINITIALIZED_AUTOS = YES_AGGRESSIVE;
				GCC_WARN_UNUSED_FUNCTION = YES;
				GCC_WARN_UNUSED_VARIABLE = YES;
				MACOSX_DEPLOYMENT_TARGET = 10.14;
				MTL_ENABLE_DEBUG_INFO = INCLUDE_SOURCE;
				MTL_FAST_MATH = YES;
				ONLY_ACTIVE_ARCH = YES;
				SDKROOT = macosx;
			};
			name = Debug;
		};
		BADA1FAD226028B00064ED4E /* Release */ = {
			isa = XCBuildConfiguration;
			buildSettings = {
				ALWAYS_SEARCH_USER_PATHS = NO;
				CLANG_ANALYZER_NONNULL = YES;
				CLANG_ANALYZER_NUMBER_OBJECT_CONVERSION = YES_AGGRESSIVE;
				CLANG_CXX_LANGUAGE_STANDARD = "gnu++14";
				CLANG_CXX_LIBRARY = "libc++";
				CLANG_ENABLE_MODULES = YES;
				CLANG_ENABLE_OBJC_ARC = YES;
				CLANG_ENABLE_OBJC_WEAK = YES;
				CLANG_WARN_BLOCK_CAPTURE_AUTORELEASING = YES;
				CLANG_WARN_BOOL_CONVERSION = YES;
				CLANG_WARN_COMMA = YES;
				CLANG_WARN_CONSTANT_CONVERSION = YES;
				CLANG_WARN_DEPRECATED_OBJC_IMPLEMENTATIONS = YES;
				CLANG_WARN_DIRECT_OBJC_ISA_USAGE = YES_ERROR;
				CLANG_WARN_DOCUMENTATION_COMMENTS = YES;
				CLANG_WARN_EMPTY_BODY = YES;
				CLANG_WARN_ENUM_CONVERSION = YES;
				CLANG_WARN_INFINITE_RECURSION = YES;
				CLANG_WARN_INT_CONVERSION = YES;
				CLANG_WARN_NON_LITERAL_NULL_CONVERSION = YES;
				CLANG_WARN_OBJC_IMPLICIT_RETAIN_SELF = YES;
				CLANG_WARN_OBJC_LITERAL_CONVERSION = YES;
				CLANG_WARN_OBJC_ROOT_CLASS = YES_ERROR;
				CLANG_WARN_RANGE_LOOP_ANALYSIS = YES;
				CLANG_WARN_STRICT_PROTOTYPES = YES;
				CLANG_WARN_SUSPICIOUS_MOVE = YES;
				CLANG_WARN_UNGUARDED_AVAILABILITY = YES_AGGRESSIVE;
				CLANG_WARN_UNREACHABLE_CODE = YES;
				CLANG_WARN__DUPLICATE_METHOD_MATCH = YES;
				CODE_SIGN_IDENTITY = "-";
				COPY_PHASE_STRIP = NO;
				DEBUG_INFORMATION_FORMAT = "dwarf-with-dsym";
				ENABLE_NS_ASSERTIONS = NO;
				ENABLE_STRICT_OBJC_MSGSEND = YES;
				GCC_C_LANGUAGE_STANDARD = gnu11;
				GCC_NO_COMMON_BLOCKS = YES;
				GCC_WARN_64_TO_32_BIT_CONVERSION = YES;
				GCC_WARN_ABOUT_RETURN_TYPE = YES_ERROR;
				GCC_WARN_UNDECLARED_SELECTOR = YES;
				GCC_WARN_UNINITIALIZED_AUTOS = YES_AGGRESSIVE;
				GCC_WARN_UNUSED_FUNCTION = YES;
				GCC_WARN_UNUSED_VARIABLE = YES;
				MACOSX_DEPLOYMENT_TARGET = 10.14;
				MTL_ENABLE_DEBUG_INFO = NO;
				MTL_FAST_MATH = YES;
				SDKROOT = macosx;
			};
			name = Release;
		};
		BADA1FBA22602F2A0064ED4E /* Debug */ = {
			isa = XCBuildConfiguration;
			buildSettings = {
				CODE_SIGN_STYLE = Automatic;
				PRODUCT_NAME = "$(TARGET_NAME)";
			};
			name = Debug;
		};
		BADA1FBB22602F2A0064ED4E /* Release */ = {
			isa = XCBuildConfiguration;
			buildSettings = {
				CODE_SIGN_STYLE = Automatic;
				PRODUCT_NAME = "$(TARGET_NAME)";
			};
			name = Release;
		};
/* End XCBuildConfiguration section */

/* Begin XCConfigurationList section */
		BADA1FA2226028B00064ED4E /* Build configuration list for PBXProject "XCodeDemos" */ = {
			isa = XCConfigurationList;
			buildConfigurations = (
				BADA1FAC226028B00064ED4E /* Debug */,
				BADA1FAD226028B00064ED4E /* Release */,
			);
			defaultConfigurationIsVisible = 0;
			defaultConfigurationName = Release;
		};
		BADA1FB922602F2A0064ED4E /* Build configuration list for PBXNativeTarget "HelloMac" */ = {
			isa = XCConfigurationList;
			buildConfigurations = (
				BADA1FBA22602F2A0064ED4E /* Debug */,
				BADA1FBB22602F2A0064ED4E /* Release */,
			);
			defaultConfigurationIsVisible = 0;
			defaultConfigurationName = Release;
		};
/* End XCConfigurationList section */
	};
	rootObject = BADA1F9F226028B00064ED4E /* Project object */;
}
